
Microsoft Visual Studio Solution File, Format Version 12.00
# Visual Studio 2013
VisualStudioVersion = 12.0.21005.1
MinimumVisualStudioVersion = 10.0.40219.1
Project("{FAE04EC0-301F-11D3-BF4B-00C04F79EFBC}") = "Problem2", "Problem2\Problem2.csproj", "{02FCBDE5-488E-406E-A1DF-BF85E45AAB38}"
EndProject
Project("{FAE04EC0-301F-11D3-BF4B-00C04F79EFBC}") = "UnitTestProject2", "UnitTestProject1\UnitTestProject2.csproj", "{43AD8E5F-5205-498F-8F3E-D98346E3D541}"
EndProject
Global
	GlobalSection(SolutionConfigurationPlatforms) = preSolution
		Debug|Any CPU = Debug|Any CPU
		Release|Any CPU = Release|Any CPU
	EndGlobalSection
	GlobalSection(ProjectConfigurationPlatforms) = postSolution
		{02FCBDE5-488E-406E-A1DF-BF85E45AAB38}.Debug|Any CPU.ActiveCfg = Debug|Any CPU
		{02FCBDE5-488E-406E-A1DF-BF85E45AAB38}.Debug|Any CPU.Build.0 = Debug|Any CPU
		{02FCBDE5-488E-406E-A1DF-BF85E45AAB38}.Release|Any CPU.ActiveCfg = Release|Any CPU
		{02FCBDE5-488E-406E-A1DF-BF85E45AAB38}.Release|Any CPU.Build.0 = Release|Any CPU
		{43AD8E5F-5205-498F-8F3E-D98346E3D541}.Debug|Any CPU.ActiveCfg = Debug|Any CPU
		{43AD8E5F-5205-498F-8F3E-D98346E3D541}.Debug|Any CPU.Build.0 = Debug|Any CPU
		{43AD8E5F-5205-498F-8F3E-D98346E3D541}.Release|Any CPU.ActiveCfg = Release|Any CPU
		{43AD8E5F-5205-498F-8F3E-D98346E3D541}.Release|Any CPU.Build.0 = Release|Any CPU
	EndGlobalSection
	GlobalSection(SolutionProperties) = preSolution
		HideSolutionNode = FALSE
	EndGlobalSection
EndGlobal
